
Microsoft Visual Studio Solution File, Format Version 12.00
# Visual Studio Version 17
VisualStudioVersion = 17.9.34622.214
MinimumVisualStudioVersion = 10.0.40219.1
Project("{FAE04EC0-301F-11D3-BF4B-00C04F79EFBC}") = "MyFirstClassLib", "MyFirstClassLib\MyFirstClassLib.csproj", "{1D65CB46-FF39-4621-A0C8-1A138BE9CDA8}"
EndProject
Project("{FAE04EC0-301F-11D3-BF4B-00C04F79EFBC}") = "ConsoleUI", "ConsoleUI\ConsoleUI.csproj", "{FB207812-493D-4D24-997B-C7E7ACCF0CB1}"
EndProject
Global
	GlobalSection(SolutionConfigurationPlatforms) = preSolution
		Debug|Any CPU = Debug|Any CPU
		Release|Any CPU = Release|Any CPU
	EndGlobalSection
	GlobalSection(ProjectConfigurationPlatforms) = postSolution
		{1D65CB46-FF39-4621-A0C8-1A138BE9CDA8}.Debug|Any CPU.ActiveCfg = Debug|Any CPU
		{1D65CB46-FF39-4621-A0C8-1A138BE9CDA8}.Debug|Any CPU.Build.0 = Debug|Any CPU
		{1D65CB46-FF39-4621-A0C8-1A138BE9CDA8}.Release|Any CPU.ActiveCfg = Release|Any CPU
		{1D65CB46-FF39-4621-A0C8-1A138BE9CDA8}.Release|Any CPU.Build.0 = Release|Any CPU
		{FB207812-493D-4D24-997B-C7E7ACCF0CB1}.Debug|Any CPU.ActiveCfg = Debug|Any CPU
		{FB207812-493D-4D24-997B-C7E7ACCF0CB1}.Debug|Any CPU.Build.0 = Debug|Any CPU
		{FB207812-493D-4D24-997B-C7E7ACCF0CB1}.Release|Any CPU.ActiveCfg = Release|Any CPU
		{FB207812-493D-4D24-997B-C7E7ACCF0CB1}.Release|Any CPU.Build.0 = Release|Any CPU
	EndGlobalSection
	GlobalSection(SolutionProperties) = preSolution
		HideSolutionNode = FALSE
	EndGlobalSection
	GlobalSection(ExtensibilityGlobals) = postSolution
		SolutionGuid = {2E51BA5F-80D1-431F-A9BC-8EDBE70C275B}
	EndGlobalSection
EndGlobal
